<?xml version="1.0" encoding="utf-8"?>
<Project ToolsVersion="4.0" xmlns="http://schemas.microsoft.com/developer/msbuild/2003">
  <ItemGroup>
    <Filter Include="Source Files">
      <UniqueIdentifier>{4FC737F1-C7A5-4376-A066-2A32D752A2FF}</UniqueIdentifier>
      <Extensions>cpp;c;cc;cxx;def;odl;idl;hpj;bat;asm;asmx</Extensions>
    </Filter>
    <Filter Include="Header Files">
      <UniqueIdentifier>{93995380-89BD-4b04-88EB-625FBE52EBFB}</UniqueIdentifier>
      <Extensions>h;hh;hpp;hxx;hm;inl;inc;ipp;xsd</Extensions>
    </Filter>
    <Filter Include="Resource Files">
      <UniqueIdentifier>{67DA6AB6-F800-4c08-8B7A-83BB121AAD01}</UniqueIdentifier>
      <Extensions>rc;ico;cur;bmp;dlg;rc2;rct;bin;rgs;gif;jpg;jpeg;jpe;resx;tiff;tif;png;wav;mfcribbon-ms</Extensions>
    </Filter>
    <Filter Include="Header Files\stb_image">
      <UniqueIdentifier>{18927d30-d0f3-49d9-92a1-dfd62a8ebce4}</UniqueIdentifier>
    </Filter>
    <Filter Include="Source Files\stb_image">
      <UniqueIdentifier>{1a5507ba-f74f-463a-85d7-1115a627fbb4}</UniqueIdentifier>
    </Filter>
    <Filter Include="Header Files\geometry">
      <UniqueIdentifier>{f4bd498c-71fa-4d46-89c1-436993da3b5b}</UniqueIdentifier>
    </Filter>
    <Filter Include="Source Files\geometry">
      <UniqueIdentifier>{6fc4fd68-c6ec-4d0d-b3d8-1a3c5a7529e7}</UniqueIdentifier>
    </Filter>
  </ItemGroup>
  <ItemGroup>
    <ClCompile Include="radiance_system.cpp">
      <Filter>Source Files</Filter>
    </ClCompile>
    <ClCompile Include="src\basedefs.cpp">
      <Filter>Source Files</Filter>
    </ClCompile>
    <ClCompile Include="src\basemath.cpp">
      <Filter>Source Files</Filter>
    </ClCompile>
    <ClCompile Include="src\convex.cpp">
      <Filter>Source Files</Filter>
    </ClCompile>
    <ClCompile Include="src\geometry.cpp">
      <Filter>Source Files</Filter>
    </ClCompile>
    <ClCompile Include="src\graphics.cpp">
      <Filter>Source Files</Filter>
    </ClCompile>
    <ClCompile Include="src\mesh.cpp">
      <Filter>Source Files</Filter>
    </ClCompile>
    <ClCompile Include="src\random.cpp">
      <Filter>Source Files</Filter>
    </ClCompile>
    <ClCompile Include="src\render.cpp">
      <Filter>Source Files</Filter>
    </ClCompile>
    <ClCompile Include="src\stb_image\stb_image_load.cpp">
      <Filter>Source Files\stb_image</Filter>
    </ClCompile>
    <ClCompile Include="src\stb_image\stb_image_write.cpp">
      <Filter>Source Files\stb_image</Filter>
    </ClCompile>
    <ClCompile Include="src\geometry\tribox.cpp">
      <Filter>Source Files\geometry</Filter>
    </ClCompile>
    <ClCompile Include="src\geometry\tritri.cpp">
      <Filter>Source Files\geometry</Filter>
    </ClCompile>
  </ItemGroup>
  <ItemGroup>
    <ClInclude Include="include\basedefs.h">
      <Filter>Header Files</Filter>
    </ClInclude>
    <ClInclude Include="include\basemath.h">
      <Filter>Header Files</Filter>
    </ClInclude>
    <ClInclude Include="include\convex.h">
      <Filter>Header Files</Filter>
    </ClInclude>
    <ClInclude Include="include\geometry.h">
      <Filter>Header Files</Filter>
    </ClInclude>
    <ClInclude Include="include\global.h">
      <Filter>Header Files</Filter>
    </ClInclude>
    <ClInclude Include="include\graphics.h">
      <Filter>Header Files</Filter>
    </ClInclude>
    <ClInclude Include="include\mesh.h">
      <Filter>Header Files</Filter>
    </ClInclude>
    <ClInclude Include="include\random.h">
      <Filter>Header Files</Filter>
    </ClInclude>
    <ClInclude Include="include\render.h">
      <Filter>Header Files</Filter>
    </ClInclude>
    <ClInclude Include="include\timer.h">
      <Filter>Header Files</Filter>
    </ClInclude>
    <ClInclude Include="include\stb_image\stb_image_load.h">
      <Filter>Header Files\stb_image</Filter>
    </ClInclude>
    <ClInclude Include="include\stb_image\stb_image_write.h">
      <Filter>Header Files\stb_image</Filter>
    </ClInclude>
    <ClInclude Include="include\geometry\tribox.h">
      <Filter>Header Files\geometry</Filter>
    </ClInclude>
    <ClInclude Include="include\geometry\tritri.h">
      <Filter>Header Files\geometry</Filter>
    </ClInclude>
    <ClInclude Include="resource.h">
      <Filter>Resource Files</Filter>
    </ClInclude>
  </ItemGroup>
  <ItemGroup>
    <ResourceCompile Include="radiance_system.rc">
      <Filter>Resource Files</Filter>
    </ResourceCompile>
  </ItemGroup>
  <ItemGroup>
    <Image Include="res\icon.ico">
      <Filter>Resource Files</Filter>
    </Image>
  </ItemGroup>
</Project>